{
    "_meta": {
        "hash": {
            "sha256": "4830e23204bfcc33bdea76bd1c89095574d8c35d005a5420a4be1256b1c6dc53"
        },
        "pipfile-spec": 6,
        "requires": {
            "python_version": "3.9"
        },
        "sources": [
            {
                "name": "pypi",
                "url": "https://pypi.org/simple",
                "verify_ssl": true
            }
        ]
    },
    "default": {
        "delta-spark": {
            "hashes": [
                "sha256:2f0e0b4f341e26d19c9bc6300bcaf843d366d6f07c0928d9717f0dfa199e4953",
                "sha256:a3d20dbd6e0cf6addd07bbf7342d2c3662305eb7607aeea7b66b52b97d21ded4"
            ],
            "index": "pypi",
            "version": "==1.0.0"
        },
        "importlib-metadata": {
            "hashes": [
                "sha256:079ada16b7fc30dfbb5d13399a5113110dab1aa7c2bc62f66af75f0b717c8cac",
                "sha256:9f55f560e116f8643ecf2922d9cd3e1c7e8d52e683178fecd9d08f6aa357e11e"
            ],
            "markers": "python_version >= '3.6'",
            "version": "==4.6.1"
        },
        "py4j": {
            "hashes": [
                "sha256:36ec57f43ff8ced260a18aa9a4e46c3500a730cac8860e259cbaa546c2b9db2f",
                "sha256:859ba728a7bb43e9c2bf058832759fb97a598bb28cc12f34f5fc4abdec08ede6"
            ],
            "version": "==0.10.9"
        },
        "pyspark": {
            "hashes": [
                "sha256:5e25ebb18756e9715f4d26848cc7e558035025da74b4fc325a0ebc05ff538e65"
            ],
            "markers": "python_version >= '3.6'",
            "version": "==3.1.2"
        },
        "zipp": {
            "hashes": [
                "sha256:957cfda87797e389580cb8b9e3870841ca991e2125350677b2ca83a0e99390a3",
                "sha256:f5812b1e007e48cff63449a5e9f4e7ebea716b4111f9c4f9a645f91d579bf0c4"
            ],
            "markers": "python_version >= '3.6'",
            "version": "==3.5.0"
        }
    },
    "develop": {}
}
